dependencies:
- name: grafana
  repository: file://components/grafana
  version: 0.1.0
- name: victoria-metrics
  repository: file://components/victoria-metrics
  version: 0.1.0
- name: victoria-logs
  repository: file://components/victoria-logs
  version: 0.1.0
- name: victoria-traces
  repository: file://components/victoria-traces
  version: 0.1.0
- name: vmagent
  repository: file://scrapers/vmagent
  version: 0.1.0
- name: victoria-logs-collector
  repository: file://scrapers/victoria-logs-collector
  version: 0.2.7
- name: gfs-user
  repository: file://gfs-user
  version: 0.1.0
digest: sha256:c670cfca2ca89a4af8c745e55978fe1f304d95d89c5624bf479d3a67760f8a01
generated: "2026-01-26T20:21:53.353972Z"
