dependencies:
- name: grafascope-common
  repository: file://../../libs/grafascope-common
  version: 0.1.0
- name: grafana
  repository: file://../../services/grafana
  version: 0.1.0
- name: victoria-metrics
  repository: file://../../services/victoria-metrics
  version: 0.1.0
- name: victoria-logs
  repository: file://../../services/victoria-logs
  version: 0.1.0
- name: victoria-traces
  repository: file://../../services/victoria-traces
  version: 0.1.0
digest: sha256:9a60e8dc28b69cef2bcec02077bd78277113135d8a3af60c17a67bf2dd724e8d
generated: "2026-01-27T14:07:23.132715Z"
